
Microsoft Visual Studio Solution File, Format Version 12.00
# Visual Studio Version 17
VisualStudioVersion = 17.0.31903.59
MinimumVisualStudioVersion = 10.0.40219.1
Project("{2150E333-8FDC-42A3-9474-1A3956D46DE8}") = "src", "src", "{64084876-C23A-4E79-B8B1-F84A1CE734BA}"
EndProject
Project("{FAE04EC0-301F-11D3-BF4B-00C04F79EFBC}") = "FlintSoft.Version", "src\Lib\FlintSoft.Version.csproj", "{869AE938-27F9-41B4-9F12-E1570A41FBEB}"
EndProject
Global
	GlobalSection(SolutionConfigurationPlatforms) = preSolution
		Debug|Any CPU = Debug|Any CPU
		Release|Any CPU = Release|Any CPU
	EndGlobalSection
	GlobalSection(SolutionProperties) = preSolution
		HideSolutionNode = FALSE
	EndGlobalSection
	GlobalSection(ProjectConfigurationPlatforms) = postSolution
		{869AE938-27F9-41B4-9F12-E1570A41FBEB}.Debug|Any CPU.ActiveCfg = Debug|Any CPU
		{869AE938-27F9-41B4-9F12-E1570A41FBEB}.Debug|Any CPU.Build.0 = Debug|Any CPU
		{869AE938-27F9-41B4-9F12-E1570A41FBEB}.Release|Any CPU.ActiveCfg = Release|Any CPU
		{869AE938-27F9-41B4-9F12-E1570A41FBEB}.Release|Any CPU.Build.0 = Release|Any CPU
	EndGlobalSection
	GlobalSection(NestedProjects) = preSolution
		{869AE938-27F9-41B4-9F12-E1570A41FBEB} = {64084876-C23A-4E79-B8B1-F84A1CE734BA}
	EndGlobalSection
EndGlobal
